version = 1
revision = 2
requires-python = ">=3.8"

[[package]]
name = "numpy"
version = "1.18.5"
source = { registry = "https://pypi.org/simple" }
sdist = { url = "https://files.pythonhosted.org/packages/01/1b/d3ddcabd5817be02df0e6ee20d64f77ff6d0d97f83b77f65e98c8a651981/numpy-1.18.5.zip", hash = "sha256:34e96e9dae65c4839bd80012023aadd6ee2ccb73ce7fdf3074c62f301e63120b", size = 5441636, upload-time = "2020-06-04T00:35:35.657Z" }
wheels = [
    { url = "https://files.pythonhosted.org/packages/6d/77/9492f79d58c9abb8a3a93a40ab661ca7f64169a6010ea1365a51294bd64a/numpy-1.18.5-cp38-cp38-macosx_10_9_x86_64.whl", hash = "sha256:e15b382603c58f24265c9c931c9a45eebf44fe2e6b4eaedbb0d025ab3255228b", size = 15125067, upload-time = "2020-06-04T00:24:17.832Z" },
    { url = "https://files.pythonhosted.org/packages/ae/32/4382f0ed2723ee04a73e23d6ba9a03c4d09cc1189908756084ccef3305a4/numpy-1.18.5-cp38-cp38-manylinux1_i686.whl", hash = "sha256:3676abe3d621fc467c4c1469ee11e395c82b2d6b5463a9454e37fe9da07cd0d7", size = 17831724, upload-time = "2020-06-04T00:25:20.197Z" },
    { url = "https://files.pythonhosted.org/packages/01/c6/87592f924246da1e58673cf708a2748754517c5cf050726238d6cfbd8df4/numpy-1.18.5-cp38-cp38-manylinux1_x86_64.whl", hash = "sha256:4674f7d27a6c1c52a4d1aa5f0881f1eff840d2206989bae6acb1c7668c02ebfb", size = 20587217, upload-time = "2020-06-04T00:26:32.227Z" },
    { url = "https://files.pythonhosted.org/packages/8a/52/daf6f4b7fd1499c153cb25ff84f87421598d95e5bb5b760585d2c0263773/numpy-1.18.5-cp38-cp38-win32.whl", hash = "sha256:9c9d6531bc1886454f44aa8f809268bc481295cf9740827254f53c30104f074a", size = 10788402, upload-time = "2020-06-04T00:27:12.427Z" },
    { url = "https://files.pythonhosted.org/packages/22/cb/21a148329591931d8764e7ef49cb19586dd5b5e002a184988cb5ec1ccba9/numpy-1.18.5-cp38-cp38-win_amd64.whl", hash = "sha256:3dd6823d3e04b5f223e3e265b4a1eae15f104f4366edd409e5a5e413a98f911f", size = 12761126, upload-time = "2020-06-04T00:27:58.462Z" },
]

[[package]]
name = "ocrd-fork-pylsd"
version = "0.0.3"
source = { registry = "https://pypi.org/simple" }
sdist = { url = "https://files.pythonhosted.org/packages/b8/4f/d61c4d2f73cfd8c66c5bfca341ea5cf115fd596015452b875d347becb247/ocrd-fork-pylsd-0.0.3.tar.gz", hash = "sha256:728c88f2c53372c3614d8f0ffcb610939fab867b08b72603a85b202e9818938f", size = 46759, upload-time = "2019-01-08T09:39:37.318Z" }
wheels = [
    { url = "https://files.pythonhosted.org/packages/6a/df/12fba60b9b3e141f515d69edd539bd066294d6b3be79b12450888819986d/ocrd_fork_pylsd-0.0.3-py3-none-any.whl", hash = "sha256:758fc14dc1a76c174397ce9dae6db1f9b3dc530b361767a9714538dd01b9bf03", size = 47554, upload-time = "2019-01-08T09:39:35.647Z" },
]

[[package]]
name = "opencv-python"
version = "4.2.0.34"
source = { registry = "https://pypi.org/simple" }
dependencies = [
    { name = "numpy" },
]
wheels = [
    { url = "https://files.pythonhosted.org/packages/f6/cd/0642144e580aa2fda0dc70276a432a48542351a620d26f0d1e3c5169ff49/opencv_python-4.2.0.34-cp38-cp38-macosx_10_9_x86_64.whl", hash = "sha256:5fdfc0bed37315f27d30ae5ae9bad47ec0a0a28c323739d39c8177b7e0929238", size = 49060837, upload-time = "2020-04-04T16:02:35.884Z" },
    { url = "https://files.pythonhosted.org/packages/b8/81/1ce11213c7746498c8d051de70a5e8d0539e13d11cf144aba887d5bd8070/opencv_python-4.2.0.34-cp38-cp38-manylinux1_i686.whl", hash = "sha256:068928b9907b3d3acd53b129062557d6b0b8b324bfade77f028dbe4dfe482bf2", size = 29196225, upload-time = "2020-04-04T14:33:07.027Z" },
    { url = "https://files.pythonhosted.org/packages/0b/61/843ab00a3ed67f3f50be786bd9c78ff52c55841a13f26f8cb3cd8502eb09/opencv_python-4.2.0.34-cp38-cp38-manylinux1_x86_64.whl", hash = "sha256:0e7c91718351449877c2d4141abd64eee1f9c8701bcfaf4e8627bd023e303368", size = 28159973, upload-time = "2020-04-04T14:29:36.011Z" },
    { url = "https://files.pythonhosted.org/packages/e6/d6/516883f8d2f255c41d8c560ef70c91085f2ceac7b70b7afe41432bd8adbb/opencv_python-4.2.0.34-cp38-cp38-win32.whl", hash = "sha256:1ab92d807427641ec45d28d5907426aa06b4ffd19c5b794729c74d91cd95090e", size = 24233079, upload-time = "2020-04-04T22:56:57.458Z" },
    { url = "https://files.pythonhosted.org/packages/df/9e/56d8b98652ecac8c8f9e59b7f00d5d99a9fa86661adcf324b8dc73351a6b/opencv_python-4.2.0.34-cp38-cp38-win_amd64.whl", hash = "sha256:e2206bb8c17c0f212f1f356d82d72dd090ff4651994034416da9bf0c29732825", size = 33053819, upload-time = "2020-04-04T23:15:06.894Z" },
]

[[package]]
name = "phototoscan"
version = "0.1.5"
source = { editable = "." }
dependencies = [
    { name = "numpy" },
    { name = "ocrd-fork-pylsd" },
    { name = "opencv-python" },
    { name = "puremagic" },
    { name = "scipy" },
]

[package.metadata]
requires-dist = [
    { name = "numpy", specifier = ">=1.18.5,<2.0.0" },
    { name = "ocrd-fork-pylsd", specifier = ">=0.0.3,<=0.0.8" },
    { name = "opencv-python", specifier = ">=4.2.0.34,<=5.0.0.0" },
    { name = "puremagic", specifier = ">=1.29,<2.0" },
    { name = "scipy", specifier = ">=1.5,<2.0" },
]

[[package]]
name = "puremagic"
version = "1.29"
source = { registry = "https://pypi.org/simple" }
sdist = { url = "https://files.pythonhosted.org/packages/d6/de/c9dbb741a2e0e657147c6125699e4a2a3b9003840fed62528e17c87c0989/puremagic-1.29.tar.gz", hash = "sha256:67c115db3f63d43b13433860917b11e2b767e5eaec696a491be2fb544f224f7a", size = 314734, upload-time = "2025-05-02T03:16:17.891Z" }
wheels = [
    { url = "https://files.pythonhosted.org/packages/50/e3/6d0ad0dc83cf0871198a68d527c61e443c10509a93db1e1666be9d1bf9c6/puremagic-1.29-py3-none-any.whl", hash = "sha256:2c3cfcde77f0b1560f1898f627bd388421d2bd64ec94d8d25f400f7742a4f109", size = 43279, upload-time = "2025-05-02T03:16:16.407Z" },
]

[[package]]
name = "scipy"
version = "1.5.0"
source = { registry = "https://pypi.org/simple" }
dependencies = [
    { name = "numpy" },
]
sdist = { url = "https://files.pythonhosted.org/packages/fd/bd/86b03ed778e0428db4fec584ee43846d1017c46425679b45869a7c5fc021/scipy-1.5.0.tar.gz", hash = "sha256:4ff72877d19b295ee7f7727615ea8238f2d59159df0bdd98f91754be4a2767f0", size = 25573194, upload-time = "2020-06-21T17:14:09.547Z" }
wheels = [
    { url = "https://files.pythonhosted.org/packages/54/12/2a0346aa17e7c164ab1f26a6157cd4394d3a493c5c85577cd4331b40f453/scipy-1.5.0-cp38-cp38-macosx_10_9_x86_64.whl", hash = "sha256:40969696eb13c2f1b6fc8e99ce597a47627f0167a7feb6086c2ccdfb55835cfc", size = 28944727, upload-time = "2020-06-21T17:09:13.442Z" },
    { url = "https://files.pythonhosted.org/packages/32/7d/3d523a5216308438664b8d1b3694bbc832fe2dc316d81f8e20f4f0520138/scipy-1.5.0-cp38-cp38-manylinux1_i686.whl", hash = "sha256:0f62f3be924a4314cf2384c6f77d3a0e3bf4ada370530a7d0a6d5a61192bec9e", size = 22739237, upload-time = "2020-06-21T17:09:49.708Z" },
    { url = "https://files.pythonhosted.org/packages/6a/07/52416db1d72441011361b320726be5c28c06f80f62d85fdda8baf3fc4bf3/scipy-1.5.0-cp38-cp38-manylinux1_x86_64.whl", hash = "sha256:4e1a790fdf82a67619a38f017105df4bb66dfcdaea45df793ece27fd534720c2", size = 25749483, upload-time = "2020-06-21T17:10:31.098Z" },
    { url = "https://files.pythonhosted.org/packages/80/26/52c3433487fef6c9c708c1409281338be90a9349c1bb028d283282537511/scipy-1.5.0-cp38-cp38-win32.whl", hash = "sha256:2e99f50d0061c385f8f46c5a99bb07ad013ec2dcf95ccba3be4e081594e7ab19", size = 28368378, upload-time = "2020-06-21T17:11:15.293Z" },
    { url = "https://files.pythonhosted.org/packages/2e/00/7e7f51f345c4de718bf752f5655b2b43dd3f45d3523133af64f581d99154/scipy-1.5.0-cp38-cp38-win_amd64.whl", hash = "sha256:2aec0f81a29440e0c000222ac0447748a840d328b5698dd900ece4113bca5cde", size = 31359819, upload-time = "2020-06-21T17:12:03.733Z" },
]
