version = 1
requires-python = ">=3.10"

[[package]]
name = "aiokafka"
version = "0.12.0"
source = { registry = "https://pypi.org/simple" }
dependencies = [
    { name = "async-timeout" },
    { name = "packaging" },
    { name = "typing-extensions" },
]
sdist = { url = "https://files.pythonhosted.org/packages/65/ca/42a962033e6a7926dcb789168bce81d0181ef4ddabce454d830b7e62370e/aiokafka-0.12.0.tar.gz", hash = "sha256:62423895b866f95b5ed8d88335295a37cc5403af64cb7cb0e234f88adc2dff94", size = 564955 }
wheels = [
    { url = "https://files.pythonhosted.org/packages/6d/e6/8e302c5e1a4460138e56e95bf0ab201e6554d83e490f120bc45f69ef7bb2/aiokafka-0.12.0-cp310-cp310-macosx_10_9_x86_64.whl", hash = "sha256:da8938eac2153ca767ac0144283b3df7e74bb4c0abc0c9a722f3ae63cfbf3a42", size = 375435 },
    { url = "https://files.pythonhosted.org/packages/a5/3f/41a5741335c28062721ce6f4d94c2b92931d55f06e6c28c569ecdafe4635/aiokafka-0.12.0-cp310-cp310-macosx_11_0_arm64.whl", hash = "sha256:a5c827c8883cfe64bc49100de82862225714e1853432df69aba99f135969bb1b", size = 372567 },
    { url = "https://files.pythonhosted.org/packages/bb/4e/3325c3e6e9ad88f4009de67f36063f45fc719d7097a87f2547922945dbf0/aiokafka-0.12.0-cp310-cp310-manylinux_2_17_aarch64.manylinux2014_aarch64.whl", hash = "sha256:bea5710f7707ed12a7f8661ab38dfa80f5253a405de5ba228f457cc30404eb51", size = 1081167 },
    { url = "https://files.pythonhosted.org/packages/68/5e/65a87e1f7308ba2e23d8ca3e366f506c0bbcbbabc388b776c8a5c181bc3e/aiokafka-0.12.0-cp310-cp310-manylinux_2_17_x86_64.manylinux2014_x86_64.whl", hash = "sha256:d87b1a45c57bbb1c17d1900a74739eada27e4f4a0b0932ab3c5a8cbae8bbfe1e", size = 1095099 },
    { url = "https://files.pythonhosted.org/packages/c7/46/e7069d7359c77768f31629d6aa0c8d964a6942f22d74587a8944775894da/aiokafka-0.12.0-cp310-cp310-win32.whl", hash = "sha256:1158e630664d9abc74d8a7673bc70dc10737ff758e1457bebc1c05890f29ce2c", size = 349666 },
    { url = "https://files.pythonhosted.org/packages/18/83/73c54b884cf7dabe8ed5d5764e10a0ebec14c1efc19b8f243c8036963006/aiokafka-0.12.0-cp310-cp310-win_amd64.whl", hash = "sha256:06f5889acf8e1a81d6e14adf035acb29afd1f5836447fa8fa23d3cbe8f7e8608", size = 368638 },
    { url = "https://files.pythonhosted.org/packages/b3/7b/8faf3ae26f43b2dcc66f45665bd243c9f736e71df04e45da5836bb7a7be4/aiokafka-0.12.0-cp311-cp311-macosx_10_9_x86_64.whl", hash = "sha256:ddc5308c43d48af883667e2f950a0a9739ce2c9bfe69a0b55dc234f58b1b42d6", size = 375692 },
    { url = "https://files.pythonhosted.org/packages/fe/6c/c1ce38a225dfa04078f29d8734f13e483146cc2e30dbf6d13b75c2aa0724/aiokafka-0.12.0-cp311-cp311-macosx_11_0_arm64.whl", hash = "sha256:ff63689cafcd6dd642a15de75b7ae121071d6162cccba16d091bcb28b3886307", size = 372335 },
    { url = "https://files.pythonhosted.org/packages/7d/bc/c5d2315e2f04768f585e31e6bd0a1fb9ed054a54c124c17087fdff507a13/aiokafka-0.12.0-cp311-cp311-manylinux_2_17_aarch64.manylinux2014_aarch64.whl", hash = "sha256:24633931e05a9dc80555a2f845572b6845d2dcb1af12de27837b8602b1b8bc74", size = 1141449 },
    { url = "https://files.pythonhosted.org/packages/dc/42/607caffc39b1fb2be288fa2c72e72b352872362699b6e7473189fee065b9/aiokafka-0.12.0-cp311-cp311-manylinux_2_17_x86_64.manylinux2014_x86_64.whl", hash = "sha256:42b2436c7c69384d210e9169fbfe339d9f49dbdcfddd8d51c79b9877de545e33", size = 1155398 },
    { url = "https://files.pythonhosted.org/packages/f9/4e/e7a4900180ff18f8468b1a1d6da821f67162409aa86eb53fdcb6bb1c5016/aiokafka-0.12.0-cp311-cp311-win32.whl", hash = "sha256:90511a2c4cf5f343fc2190575041fbc70171654ab0dae64b3bbabd012613bfa7", size = 348578 },
    { url = "https://files.pythonhosted.org/packages/12/e6/101e7b13e1a4bce745be927bcecf7d9dddd68c57bbd876e31697e60fdc8d/aiokafka-0.12.0-cp311-cp311-win_amd64.whl", hash = "sha256:04c8ad27d04d6c53a1859687015a5f4e58b1eb221e8a7342d6c6b04430def53e", size = 368368 },
    { url = "https://files.pythonhosted.org/packages/53/d4/baf1b2389995c6c312834792329a1993a303ff703ac023250ff977c5923b/aiokafka-0.12.0-cp312-cp312-macosx_10_13_x86_64.whl", hash = "sha256:b01947553ff1120fa1cb1a05f2c3e5aa47a5378c720bafd09e6630ba18af02aa", size = 375031 },
    { url = "https://files.pythonhosted.org/packages/54/ac/653070a4add8beea7aa8209ab396de87c7b4f9628fff15efcdbaea40e973/aiokafka-0.12.0-cp312-cp312-macosx_11_0_arm64.whl", hash = "sha256:e3c8ec1c0606fa645462c7353dc3e4119cade20c4656efa2031682ffaad361c0", size = 370619 },
    { url = "https://files.pythonhosted.org/packages/80/f2/0ddaaa11876ab78e0f3b30f272c62eea70870e1a52a5afe985c7c1d098e1/aiokafka-0.12.0-cp312-cp312-manylinux_2_17_aarch64.manylinux2014_aarch64.whl", hash = "sha256:577c1c48b240e9eba57b3d2d806fb3d023a575334fc3953f063179170cc8964f", size = 1192363 },
    { url = "https://files.pythonhosted.org/packages/ae/48/541ccece0e593e24ee371dec0c33c23718bc010b04e998693e4c19091258/aiokafka-0.12.0-cp312-cp312-manylinux_2_17_x86_64.manylinux2014_x86_64.whl", hash = "sha256:d7b815b2e5fed9912f1231be6196547a367b9eb3380b487ff5942f0c73a3fb5c", size = 1213231 },
    { url = "https://files.pythonhosted.org/packages/99/3f/75bd0faa77dfecce34dd1c0edd317b608518b096809736f9987dd61f4cec/aiokafka-0.12.0-cp312-cp312-win32.whl", hash = "sha256:5a907abcdf02430df0829ac80f25b8bb849630300fa01365c76e0ae49306f512", size = 347752 },
    { url = "https://files.pythonhosted.org/packages/ef/97/e2513a0c10585e51d4d9b42c9dd5f5ab15dfe150620a4893a2c6c20f0f4a/aiokafka-0.12.0-cp312-cp312-win_amd64.whl", hash = "sha256:fdbd69ec70eea4a8dfaa5c35ff4852e90e1277fcc426b9380f0b499b77f13b16", size = 366068 },
    { url = "https://files.pythonhosted.org/packages/30/84/f1f7e603cd07e877520b5a1e48e006cbc1fe448806cabbaa98aa732f530d/aiokafka-0.12.0-cp313-cp313-macosx_10_13_x86_64.whl", hash = "sha256:f9e8ab97b935ca681a5f28cf22cf2b5112be86728876b3ec07e4ed5fc6c21f2d", size = 370960 },
    { url = "https://files.pythonhosted.org/packages/d7/c7/5237b3687198c2129c0bafa4a96cf8ae3883e20cc860125bafe16af3778e/aiokafka-0.12.0-cp313-cp313-macosx_11_0_arm64.whl", hash = "sha256:ed991c120fe19fd9439f564201dd746c4839700ef270dd4c3ee6d4895f64fe83", size = 366597 },
    { url = "https://files.pythonhosted.org/packages/6b/67/0154551292ec1c977e5def178ae5c947773e921aefb6877971e7fdf1942e/aiokafka-0.12.0-cp313-cp313-manylinux_2_17_aarch64.manylinux2014_aarch64.whl", hash = "sha256:2c01abf9787b1c3f3af779ad8e76d5b74903f590593bc26f33ed48750503e7f7", size = 1152905 },
    { url = "https://files.pythonhosted.org/packages/d9/20/69f913a76916e94c4e783dc7d0d05a25c384b25faec33e121062c62411fe/aiokafka-0.12.0-cp313-cp313-manylinux_2_17_x86_64.manylinux2014_x86_64.whl", hash = "sha256:08c84b3894d97fd02fcc8886f394000d0f5ce771fab5c498ea2b0dd2f6b46d5b", size = 1171893 },
    { url = "https://files.pythonhosted.org/packages/16/65/41cc1b19e7dea623ef58f3bf1e2720377c5757a76d9799d53a1b5fc39255/aiokafka-0.12.0-cp313-cp313-win32.whl", hash = "sha256:63875fed922c8c7cf470d9b2a82e1b76b4a1baf2ae62e07486cf516fd09ff8f2", size = 345933 },
    { url = "https://files.pythonhosted.org/packages/bf/0d/4cb57231ff650a01123a09075bf098d8fdaf94b15a1a58465066b2251e8b/aiokafka-0.12.0-cp313-cp313-win_amd64.whl", hash = "sha256:bdc0a83eb386d2384325d6571f8ef65b4cfa205f8d1c16d7863e8d10cacd995a", size = 363194 },
]

[[package]]
name = "async-timeout"
version = "5.0.1"
source = { registry = "https://pypi.org/simple" }
sdist = { url = "https://files.pythonhosted.org/packages/a5/ae/136395dfbfe00dfc94da3f3e136d0b13f394cba8f4841120e34226265780/async_timeout-5.0.1.tar.gz", hash = "sha256:d9321a7a3d5a6a5e187e824d2fa0793ce379a202935782d555d6e9d2735677d3", size = 9274 }
wheels = [
    { url = "https://files.pythonhosted.org/packages/fe/ba/e2081de779ca30d473f21f5b30e0e737c438205440784c7dfc81efc2b029/async_timeout-5.0.1-py3-none-any.whl", hash = "sha256:39e3809566ff85354557ec2398b55e096c8364bacac9405a7a1fa429e77fe76c", size = 6233 },
]

[[package]]
name = "colorama"
version = "0.4.6"
source = { registry = "https://pypi.org/simple" }
sdist = { url = "https://files.pythonhosted.org/packages/d8/53/6f443c9a4a8358a93a6792e2acffb9d9d5cb0a5cfd8802644b7b1c9a02e4/colorama-0.4.6.tar.gz", hash = "sha256:08695f5cb7ed6e0531a20572697297273c47b8cae5a63ffc6d6ed5c201be6e44", size = 27697 }
wheels = [
    { url = "https://files.pythonhosted.org/packages/d1/d6/3965ed04c63042e047cb6a3e6ed1a63a35087b6a609aa3a15ed8ac56c221/colorama-0.4.6-py2.py3-none-any.whl", hash = "sha256:4f1d9991f5acc0ca119f9d443620b77f9d6b33703e51011c16baf57afb285fc6", size = 25335 },
]

[[package]]
name = "exceptiongroup"
version = "1.3.0"
source = { registry = "https://pypi.org/simple" }
dependencies = [
    { name = "typing-extensions", marker = "python_full_version < '3.13'" },
]
sdist = { url = "https://files.pythonhosted.org/packages/0b/9f/a65090624ecf468cdca03533906e7c69ed7588582240cfe7cc9e770b50eb/exceptiongroup-1.3.0.tar.gz", hash = "sha256:b241f5885f560bc56a59ee63ca4c6a8bfa46ae4ad651af316d4e81817bb9fd88", size = 29749 }
wheels = [
    { url = "https://files.pythonhosted.org/packages/36/f4/c6e662dade71f56cd2f3735141b265c3c79293c109549c1e6933b0651ffc/exceptiongroup-1.3.0-py3-none-any.whl", hash = "sha256:4d111e6e0c13d0644cad6ddaa7ed0261a0b36971f6d23e7ec9b4b9097da78a10", size = 16674 },
]

[[package]]
name = "fastavro"
version = "1.11.1"
source = { registry = "https://pypi.org/simple" }
sdist = { url = "https://files.pythonhosted.org/packages/48/8f/32664a3245247b13702d13d2657ea534daf64e58a3f72a3a2d10598d6916/fastavro-1.11.1.tar.gz", hash = "sha256:bf6acde5ee633a29fb8dfd6dfea13b164722bc3adc05a0e055df080549c1c2f8", size = 1016250 }
wheels = [
    { url = "https://files.pythonhosted.org/packages/ae/be/53df3fec7fdabc1848896a76afb0f01ab96b58abb29611aa68a994290167/fastavro-1.11.1-cp310-cp310-macosx_10_9_universal2.whl", hash = "sha256:603aa1c1d1be21fb4bcb63e1efb0711a9ddb337de81391c32dac95c6e0dacfcc", size = 944225 },
    { url = "https://files.pythonhosted.org/packages/d0/cc/c7c76a082fbf5aaaf82ab7da7b9ede6fc99eb8f008c084c67d230b29c446/fastavro-1.11.1-cp310-cp310-manylinux_2_17_aarch64.manylinux2014_aarch64.whl", hash = "sha256:45653b312d4ce297e2bd802ea3ffd17ecbe718e5e8b6e2ae04cd72cb50bb99d5", size = 3105189 },
    { url = "https://files.pythonhosted.org/packages/48/ff/5f1f0b5e3835e788ba8121d6dd6426cd4c6e58ce1bff02cb7810278648b0/fastavro-1.11.1-cp310-cp310-manylinux_2_17_x86_64.manylinux2014_x86_64.whl", hash = "sha256:998a53fc552e6bee9acda32af258f02557313c85fb5b48becba5b71ec82f421e", size = 3113124 },
    { url = "https://files.pythonhosted.org/packages/e5/b8/1ac01433b55460dabeb6d3fbb05ba1c971d57137041e8f53b2e9f46cd033/fastavro-1.11.1-cp310-cp310-musllinux_1_2_aarch64.whl", hash = "sha256:9f878c9ad819467120cb066f1c73496c42eb24ecdd7c992ec996f465ef4cedad", size = 3155196 },
    { url = "https://files.pythonhosted.org/packages/5e/a8/66e599b946ead031a5caba12772e614a7802d95476e8732e2e9481369973/fastavro-1.11.1-cp310-cp310-musllinux_1_2_x86_64.whl", hash = "sha256:da9e4c231ac4951092c2230ca423d8a3f2966718f072ac1e2c5d2d44c70b2a50", size = 3229028 },
    { url = "https://files.pythonhosted.org/packages/0e/e7/17c35e2dfe8a9e4f3735eabdeec366b0edc4041bb1a84fcd528c8efd12af/fastavro-1.11.1-cp310-cp310-win_amd64.whl", hash = "sha256:7423bfad3199567eeee7ad6816402c7c0ee1658b959e8c10540cfbc60ce96c2a", size = 449177 },
    { url = "https://files.pythonhosted.org/packages/8e/63/f33d6fd50d8711f305f07ad8c7b4a25f2092288f376f484c979dcf277b07/fastavro-1.11.1-cp311-cp311-macosx_10_9_universal2.whl", hash = "sha256:3573340e4564e8962e22f814ac937ffe0d4be5eabbd2250f77738dc47e3c8fe9", size = 957526 },
    { url = "https://files.pythonhosted.org/packages/f4/09/a57ad9d8cb9b8affb2e43c29d8fb8cbdc0f1156f8496067a0712c944bacc/fastavro-1.11.1-cp311-cp311-manylinux_2_17_aarch64.manylinux2014_aarch64.whl", hash = "sha256:7291cf47735b8bd6ff5d9b33120e6e0974f52fd5dff90cd24151b22018e7fd29", size = 3322808 },
    { url = "https://files.pythonhosted.org/packages/86/70/d6df59309d3754d6d4b0c7beca45b9b1a957d6725aed8da3aca247db3475/fastavro-1.11.1-cp311-cp311-manylinux_2_17_x86_64.manylinux2014_x86_64.whl", hash = "sha256:bf3bb065d657d5bac8b2cb39945194aa086a9b3354f2da7f89c30e4dc20e08e2", size = 3330870 },
    { url = "https://files.pythonhosted.org/packages/ad/ea/122315154d2a799a2787058435ef0d4d289c0e8e575245419436e9b702ca/fastavro-1.11.1-cp311-cp311-musllinux_1_2_aarch64.whl", hash = "sha256:8758317c85296b848698132efb13bc44a4fbd6017431cc0f26eaeb0d6fa13d35", size = 3343369 },
    { url = "https://files.pythonhosted.org/packages/62/12/7800de5fec36d55a818adf3db3b085b1a033c4edd60323cf6ca0754cf8cb/fastavro-1.11.1-cp311-cp311-musllinux_1_2_x86_64.whl", hash = "sha256:ad99d57228f83bf3e2214d183fbf6e2fda97fd649b2bdaf8e9110c36cbb02624", size = 3430629 },
    { url = "https://files.pythonhosted.org/packages/48/65/2b74ccfeba9dcc3f7dbe64907307386b4a0af3f71d2846f63254df0f1e1d/fastavro-1.11.1-cp311-cp311-win_amd64.whl", hash = "sha256:9134090178bdbf9eefd467717ced3dc151e27a7e7bfc728260ce512697efe5a4", size = 451621 },
    { url = "https://files.pythonhosted.org/packages/99/58/8e789b0a2f532b22e2d090c20d27c88f26a5faadcba4c445c6958ae566cf/fastavro-1.11.1-cp312-cp312-macosx_10_13_universal2.whl", hash = "sha256:e8bc238f2637cd5d15238adbe8fb8c58d2e6f1870e0fb28d89508584670bae4b", size = 939583 },
    { url = "https://files.pythonhosted.org/packages/34/3f/02ed44742b1224fe23c9fc9b9b037fc61769df716c083cf80b59a02b9785/fastavro-1.11.1-cp312-cp312-manylinux_2_17_aarch64.manylinux2014_aarch64.whl", hash = "sha256:b403933081c83fc4d8a012ee64b86e560a024b1280e3711ee74f2abc904886e8", size = 3257734 },
    { url = "https://files.pythonhosted.org/packages/cc/bc/9cc8b19eeee9039dd49719f8b4020771e805def262435f823fa8f27ddeea/fastavro-1.11.1-cp312-cp312-manylinux_2_17_x86_64.manylinux2014_x86_64.whl", hash = "sha256:3f6ecb4b5f77aa756d973b7dd1c2fb4e4c95b4832a3c98b059aa96c61870c709", size = 3318218 },
    { url = "https://files.pythonhosted.org/packages/39/77/3b73a986606494596b6d3032eadf813a05b59d1623f54384a23de4217d5f/fastavro-1.11.1-cp312-cp312-musllinux_1_2_aarch64.whl", hash = "sha256:059893df63ef823b0231b485c9d43016c7e32850cae7bf69f4e9d46dd41c28f2", size = 3297296 },
    { url = "https://files.pythonhosted.org/packages/8e/1c/b69ceef6494bd0df14752b5d8648b159ad52566127bfd575e9f5ecc0c092/fastavro-1.11.1-cp312-cp312-musllinux_1_2_x86_64.whl", hash = "sha256:5120ffc9a200699218e01777e695a2f08afb3547ba818184198c757dc39417bd", size = 3438056 },
    { url = "https://files.pythonhosted.org/packages/ef/11/5c2d0db3bd0e6407546fabae9e267bb0824eacfeba79e7dd81ad88afa27d/fastavro-1.11.1-cp312-cp312-win_amd64.whl", hash = "sha256:7bb9d0d2233f33a52908b6ea9b376fe0baf1144bdfdfb3c6ad326e200a8b56b0", size = 442824 },
    { url = "https://files.pythonhosted.org/packages/ec/08/8e25b9e87a98f8c96b25e64565fa1a1208c0095bb6a84a5c8a4b925688a5/fastavro-1.11.1-cp313-cp313-macosx_10_13_universal2.whl", hash = "sha256:f963b8ddaf179660e814ab420850c1b4ea33e2ad2de8011549d958b21f77f20a", size = 931520 },
    { url = "https://files.pythonhosted.org/packages/02/ee/7cf5561ef94781ed6942cee6b394a5e698080f4247f00f158ee396ec244d/fastavro-1.11.1-cp313-cp313-manylinux_2_17_aarch64.manylinux2014_aarch64.whl", hash = "sha256:0253e5b6a3c9b62fae9fc3abd8184c5b64a833322b6af7d666d3db266ad879b5", size = 3195989 },
    { url = "https://files.pythonhosted.org/packages/b3/31/f02f097d79f090e5c5aca8a743010c4e833a257c0efdeb289c68294f7928/fastavro-1.11.1-cp313-cp313-manylinux_2_17_x86_64.manylinux2014_x86_64.whl", hash = "sha256:ca637b150e1f4c0e8e564fad40a16bd922bcb7ffd1a6e4836e6084f2c4f4e8db", size = 3239755 },
    { url = "https://files.pythonhosted.org/packages/09/4c/46626b4ee4eb8eb5aa7835973c6ba8890cf082ef2daface6071e788d2992/fastavro-1.11.1-cp313-cp313-musllinux_1_2_aarch64.whl", hash = "sha256:76af1709031621828ca6ce7f027f7711fa33ac23e8269e7a5733996ff8d318da", size = 3243788 },
    { url = "https://files.pythonhosted.org/packages/a7/6f/8ed42524e9e8dc0554f0f211dd1c6c7a9dde83b95388ddcf7c137e70796f/fastavro-1.11.1-cp313-cp313-musllinux_1_2_x86_64.whl", hash = "sha256:8224e6d8d9864d4e55dafbe88920d6a1b8c19cc3006acfac6aa4f494a6af3450", size = 3378330 },
    { url = "https://files.pythonhosted.org/packages/b8/51/38cbe243d5facccab40fc43a4c17db264c261be955ce003803d25f0da2c3/fastavro-1.11.1-cp313-cp313-win_amd64.whl", hash = "sha256:cde7ed91b52ff21f0f9f157329760ba7251508ca3e9618af3ffdac986d9faaa2", size = 443115 },
    { url = "https://files.pythonhosted.org/packages/d0/57/0d31ed1a49c65ad9f0f0128d9a928972878017781f9d4336f5f60982334c/fastavro-1.11.1-cp313-cp313t-macosx_10_13_universal2.whl", hash = "sha256:e5ed1325c1c414dd954e7a2c5074daefe1eceb672b8c727aa030ba327aa00693", size = 1021401 },
    { url = "https://files.pythonhosted.org/packages/56/7a/a3f1a75fbfc16b3eff65dc0efcdb92364967923194312b3f8c8fc2cb95be/fastavro-1.11.1-cp313-cp313t-manylinux_2_17_aarch64.manylinux2014_aarch64.whl", hash = "sha256:8cd3c95baeec37188899824faf44a5ee94dfc4d8667b05b2f867070c7eb174c4", size = 3384349 },
    { url = "https://files.pythonhosted.org/packages/be/84/02bceb7518867df84027232a75225db758b9b45f12017c9743f45b73101e/fastavro-1.11.1-cp313-cp313t-manylinux_2_17_x86_64.manylinux2014_x86_64.whl", hash = "sha256:2e0babcd81acceb4c60110af9efa25d890dbb68f7de880f806dadeb1e70fe413", size = 3240658 },
    { url = "https://files.pythonhosted.org/packages/f2/17/508c846c644d39bc432b027112068b8e96e7560468304d4c0757539dd73a/fastavro-1.11.1-cp313-cp313t-musllinux_1_2_aarch64.whl", hash = "sha256:b2c0cb8063c7208b53b6867983dc6ae7cc80b91116b51d435d2610a5db2fc52f", size = 3372809 },
    { url = "https://files.pythonhosted.org/packages/fe/84/9c2917a70ed570ddbfd1d32ac23200c1d011e36c332e59950d2f6d204941/fastavro-1.11.1-cp313-cp313t-musllinux_1_2_x86_64.whl", hash = "sha256:1bc2824e9969c04ab6263d269a1e0e5d40b9bd16ade6b70c29d6ffbc4f3cc102", size = 3387171 },
]

[[package]]
name = "iniconfig"
version = "2.1.0"
source = { registry = "https://pypi.org/simple" }
sdist = { url = "https://files.pythonhosted.org/packages/f2/97/ebf4da567aa6827c909642694d71c9fcf53e5b504f2d96afea02718862f3/iniconfig-2.1.0.tar.gz", hash = "sha256:3abbd2e30b36733fee78f9c7f7308f2d0050e88f0087fd25c2645f63c773e1c7", size = 4793 }
wheels = [
    { url = "https://files.pythonhosted.org/packages/2c/e1/e6716421ea10d38022b952c159d5161ca1193197fb744506875fbb87ea7b/iniconfig-2.1.0-py3-none-any.whl", hash = "sha256:9deba5723312380e77435581c6bf4935c94cbfab9b1ed33ef8d238ea168eb760", size = 6050 },
]

[[package]]
name = "kafka-framework"
version = "0.1.0"
source = { editable = "." }
dependencies = [
    { name = "aiokafka" },
]

[package.optional-dependencies]
all = [
    { name = "fastavro" },
    { name = "protobuf" },
]
avro = [
    { name = "fastavro" },
]
protobuf = [
    { name = "protobuf" },
]

[package.dev-dependencies]
dev = [
    { name = "pytest-asyncio" },
]
lint = [
    { name = "ruff" },
]

[package.metadata]
requires-dist = [
    { name = "aiokafka", specifier = ">=0.12.0" },
    { name = "fastavro", marker = "extra == 'all'", specifier = ">=1.8.0" },
    { name = "fastavro", marker = "extra == 'avro'", specifier = ">=1.8.0" },
    { name = "protobuf", marker = "extra == 'all'", specifier = ">=4.23.3" },
    { name = "protobuf", marker = "extra == 'protobuf'", specifier = ">=4.23.3" },
]

[package.metadata.requires-dev]
dev = [{ name = "pytest-asyncio", specifier = ">=1.0.0" }]
lint = [{ name = "ruff", specifier = ">=0.11.13" }]

[[package]]
name = "packaging"
version = "25.0"
source = { registry = "https://pypi.org/simple" }
sdist = { url = "https://files.pythonhosted.org/packages/a1/d4/1fc4078c65507b51b96ca8f8c3ba19e6a61c8253c72794544580a7b6c24d/packaging-25.0.tar.gz", hash = "sha256:d443872c98d677bf60f6a1f2f8c1cb748e8fe762d2bf9d3148b5599295b0fc4f", size = 165727 }
wheels = [
    { url = "https://files.pythonhosted.org/packages/20/12/38679034af332785aac8774540895e234f4d07f7545804097de4b666afd8/packaging-25.0-py3-none-any.whl", hash = "sha256:29572ef2b1f17581046b3a2227d5c611fb25ec70ca1ba8554b24b0e69331a484", size = 66469 },
]

[[package]]
name = "pluggy"
version = "1.6.0"
source = { registry = "https://pypi.org/simple" }
sdist = { url = "https://files.pythonhosted.org/packages/f9/e2/3e91f31a7d2b083fe6ef3fa267035b518369d9511ffab804f839851d2779/pluggy-1.6.0.tar.gz", hash = "sha256:7dcc130b76258d33b90f61b658791dede3486c3e6bfb003ee5c9bfb396dd22f3", size = 69412 }
wheels = [
    { url = "https://files.pythonhosted.org/packages/54/20/4d324d65cc6d9205fabedc306948156824eb9f0ee1633355a8f7ec5c66bf/pluggy-1.6.0-py3-none-any.whl", hash = "sha256:e920276dd6813095e9377c0bc5566d94c932c33b27a3e3945d8389c374dd4746", size = 20538 },
]

[[package]]
name = "protobuf"
version = "6.31.1"
source = { registry = "https://pypi.org/simple" }
sdist = { url = "https://files.pythonhosted.org/packages/52/f3/b9655a711b32c19720253f6f06326faf90580834e2e83f840472d752bc8b/protobuf-6.31.1.tar.gz", hash = "sha256:d8cac4c982f0b957a4dc73a80e2ea24fab08e679c0de9deb835f4a12d69aca9a", size = 441797 }
wheels = [
    { url = "https://files.pythonhosted.org/packages/f3/6f/6ab8e4bf962fd5570d3deaa2d5c38f0a363f57b4501047b5ebeb83ab1125/protobuf-6.31.1-cp310-abi3-win32.whl", hash = "sha256:7fa17d5a29c2e04b7d90e5e32388b8bfd0e7107cd8e616feef7ed3fa6bdab5c9", size = 423603 },
    { url = "https://files.pythonhosted.org/packages/44/3a/b15c4347dd4bf3a1b0ee882f384623e2063bb5cf9fa9d57990a4f7df2fb6/protobuf-6.31.1-cp310-abi3-win_amd64.whl", hash = "sha256:426f59d2964864a1a366254fa703b8632dcec0790d8862d30034d8245e1cd447", size = 435283 },
    { url = "https://files.pythonhosted.org/packages/6a/c9/b9689a2a250264a84e66c46d8862ba788ee7a641cdca39bccf64f59284b7/protobuf-6.31.1-cp39-abi3-macosx_10_9_universal2.whl", hash = "sha256:6f1227473dc43d44ed644425268eb7c2e488ae245d51c6866d19fe158e207402", size = 425604 },
    { url = "https://files.pythonhosted.org/packages/76/a1/7a5a94032c83375e4fe7e7f56e3976ea6ac90c5e85fac8576409e25c39c3/protobuf-6.31.1-cp39-abi3-manylinux2014_aarch64.whl", hash = "sha256:a40fc12b84c154884d7d4c4ebd675d5b3b5283e155f324049ae396b95ddebc39", size = 322115 },
    { url = "https://files.pythonhosted.org/packages/fa/b1/b59d405d64d31999244643d88c45c8241c58f17cc887e73bcb90602327f8/protobuf-6.31.1-cp39-abi3-manylinux2014_x86_64.whl", hash = "sha256:4ee898bf66f7a8b0bd21bce523814e6fbd8c6add948045ce958b73af7e8878c6", size = 321070 },
    { url = "https://files.pythonhosted.org/packages/f7/af/ab3c51ab7507a7325e98ffe691d9495ee3d3aa5f589afad65ec920d39821/protobuf-6.31.1-py3-none-any.whl", hash = "sha256:720a6c7e6b77288b85063569baae8536671b39f15cc22037ec7045658d80489e", size = 168724 },
]

[[package]]
name = "pygments"
version = "2.19.1"
source = { registry = "https://pypi.org/simple" }
sdist = { url = "https://files.pythonhosted.org/packages/7c/2d/c3338d48ea6cc0feb8446d8e6937e1408088a72a39937982cc6111d17f84/pygments-2.19.1.tar.gz", hash = "sha256:61c16d2a8576dc0649d9f39e089b5f02bcd27fba10d8fb4dcc28173f7a45151f", size = 4968581 }
wheels = [
    { url = "https://files.pythonhosted.org/packages/8a/0b/9fcc47d19c48b59121088dd6da2488a49d5f72dacf8262e2790a1d2c7d15/pygments-2.19.1-py3-none-any.whl", hash = "sha256:9ea1544ad55cecf4b8242fab6dd35a93bbce657034b0611ee383099054ab6d8c", size = 1225293 },
]

[[package]]
name = "pytest"
version = "8.4.0"
source = { registry = "https://pypi.org/simple" }
dependencies = [
    { name = "colorama", marker = "sys_platform == 'win32'" },
    { name = "exceptiongroup", marker = "python_full_version < '3.11'" },
    { name = "iniconfig" },
    { name = "packaging" },
    { name = "pluggy" },
    { name = "pygments" },
    { name = "tomli", marker = "python_full_version < '3.11'" },
]
sdist = { url = "https://files.pythonhosted.org/packages/fb/aa/405082ce2749be5398045152251ac69c0f3578c7077efc53431303af97ce/pytest-8.4.0.tar.gz", hash = "sha256:14d920b48472ea0dbf68e45b96cd1ffda4705f33307dcc86c676c1b5104838a6", size = 1515232 }
wheels = [
    { url = "https://files.pythonhosted.org/packages/2f/de/afa024cbe022b1b318a3d224125aa24939e99b4ff6f22e0ba639a2eaee47/pytest-8.4.0-py3-none-any.whl", hash = "sha256:f40f825768ad76c0977cbacdf1fd37c6f7a468e460ea6a0636078f8972d4517e", size = 363797 },
]

[[package]]
name = "pytest-asyncio"
version = "1.0.0"
source = { registry = "https://pypi.org/simple" }
dependencies = [
    { name = "pytest" },
]
sdist = { url = "https://files.pythonhosted.org/packages/d0/d4/14f53324cb1a6381bef29d698987625d80052bb33932d8e7cbf9b337b17c/pytest_asyncio-1.0.0.tar.gz", hash = "sha256:d15463d13f4456e1ead2594520216b225a16f781e144f8fdf6c5bb4667c48b3f", size = 46960 }
wheels = [
    { url = "https://files.pythonhosted.org/packages/30/05/ce271016e351fddc8399e546f6e23761967ee09c8c568bbfbecb0c150171/pytest_asyncio-1.0.0-py3-none-any.whl", hash = "sha256:4f024da9f1ef945e680dc68610b52550e36590a67fd31bb3b4943979a1f90ef3", size = 15976 },
]

[[package]]
name = "ruff"
version = "0.11.13"
source = { registry = "https://pypi.org/simple" }
sdist = { url = "https://files.pythonhosted.org/packages/ed/da/9c6f995903b4d9474b39da91d2d626659af3ff1eeb43e9ae7c119349dba6/ruff-0.11.13.tar.gz", hash = "sha256:26fa247dc68d1d4e72c179e08889a25ac0c7ba4d78aecfc835d49cbfd60bf514", size = 4282054 }
wheels = [
    { url = "https://files.pythonhosted.org/packages/7d/ce/a11d381192966e0b4290842cc8d4fac7dc9214ddf627c11c1afff87da29b/ruff-0.11.13-py3-none-linux_armv6l.whl", hash = "sha256:4bdfbf1240533f40042ec00c9e09a3aade6f8c10b6414cf11b519488d2635d46", size = 10292516 },
    { url = "https://files.pythonhosted.org/packages/78/db/87c3b59b0d4e753e40b6a3b4a2642dfd1dcaefbff121ddc64d6c8b47ba00/ruff-0.11.13-py3-none-macosx_10_12_x86_64.whl", hash = "sha256:aef9c9ed1b5ca28bb15c7eac83b8670cf3b20b478195bd49c8d756ba0a36cf48", size = 11106083 },
    { url = "https://files.pythonhosted.org/packages/77/79/d8cec175856ff810a19825d09ce700265f905c643c69f45d2b737e4a470a/ruff-0.11.13-py3-none-macosx_11_0_arm64.whl", hash = "sha256:53b15a9dfdce029c842e9a5aebc3855e9ab7771395979ff85b7c1dedb53ddc2b", size = 10436024 },
    { url = "https://files.pythonhosted.org/packages/8b/5b/f6d94f2980fa1ee854b41568368a2e1252681b9238ab2895e133d303538f/ruff-0.11.13-py3-none-manylinux_2_17_aarch64.manylinux2014_aarch64.whl", hash = "sha256:ab153241400789138d13f362c43f7edecc0edfffce2afa6a68434000ecd8f69a", size = 10646324 },
    { url = "https://files.pythonhosted.org/packages/6c/9c/b4c2acf24ea4426016d511dfdc787f4ce1ceb835f3c5fbdbcb32b1c63bda/ruff-0.11.13-py3-none-manylinux_2_17_armv7l.manylinux2014_armv7l.whl", hash = "sha256:6c51f93029d54a910d3d24f7dd0bb909e31b6cd989a5e4ac513f4eb41629f0dc", size = 10174416 },
    { url = "https://files.pythonhosted.org/packages/f3/10/e2e62f77c65ede8cd032c2ca39c41f48feabedb6e282bfd6073d81bb671d/ruff-0.11.13-py3-none-manylinux_2_17_i686.manylinux2014_i686.whl", hash = "sha256:1808b3ed53e1a777c2ef733aca9051dc9bf7c99b26ece15cb59a0320fbdbd629", size = 11724197 },
    { url = "https://files.pythonhosted.org/packages/bb/f0/466fe8469b85c561e081d798c45f8a1d21e0b4a5ef795a1d7f1a9a9ec182/ruff-0.11.13-py3-none-manylinux_2_17_ppc64.manylinux2014_ppc64.whl", hash = "sha256:d28ce58b5ecf0f43c1b71edffabe6ed7f245d5336b17805803312ec9bc665933", size = 12511615 },
    { url = "https://files.pythonhosted.org/packages/17/0e/cefe778b46dbd0cbcb03a839946c8f80a06f7968eb298aa4d1a4293f3448/ruff-0.11.13-py3-none-manylinux_2_17_ppc64le.manylinux2014_ppc64le.whl", hash = "sha256:55e4bc3a77842da33c16d55b32c6cac1ec5fb0fbec9c8c513bdce76c4f922165", size = 12117080 },
    { url = "https://files.pythonhosted.org/packages/5d/2c/caaeda564cbe103bed145ea557cb86795b18651b0f6b3ff6a10e84e5a33f/ruff-0.11.13-py3-none-manylinux_2_17_s390x.manylinux2014_s390x.whl", hash = "sha256:633bf2c6f35678c56ec73189ba6fa19ff1c5e4807a78bf60ef487b9dd272cc71", size = 11326315 },
    { url = "https://files.pythonhosted.org/packages/75/f0/782e7d681d660eda8c536962920c41309e6dd4ebcea9a2714ed5127d44bd/ruff-0.11.13-py3-none-manylinux_2_17_x86_64.manylinux2014_x86_64.whl", hash = "sha256:4ffbc82d70424b275b089166310448051afdc6e914fdab90e08df66c43bb5ca9", size = 11555640 },
    { url = "https://files.pythonhosted.org/packages/5d/d4/3d580c616316c7f07fb3c99dbecfe01fbaea7b6fd9a82b801e72e5de742a/ruff-0.11.13-py3-none-musllinux_1_2_aarch64.whl", hash = "sha256:4a9ddd3ec62a9a89578c85842b836e4ac832d4a2e0bfaad3b02243f930ceafcc", size = 10507364 },
    { url = "https://files.pythonhosted.org/packages/5a/dc/195e6f17d7b3ea6b12dc4f3e9de575db7983db187c378d44606e5d503319/ruff-0.11.13-py3-none-musllinux_1_2_armv7l.whl", hash = "sha256:d237a496e0778d719efb05058c64d28b757c77824e04ffe8796c7436e26712b7", size = 10141462 },
    { url = "https://files.pythonhosted.org/packages/f4/8e/39a094af6967faa57ecdeacb91bedfb232474ff8c3d20f16a5514e6b3534/ruff-0.11.13-py3-none-musllinux_1_2_i686.whl", hash = "sha256:26816a218ca6ef02142343fd24c70f7cd8c5aa6c203bca284407adf675984432", size = 11121028 },
    { url = "https://files.pythonhosted.org/packages/5a/c0/b0b508193b0e8a1654ec683ebab18d309861f8bd64e3a2f9648b80d392cb/ruff-0.11.13-py3-none-musllinux_1_2_x86_64.whl", hash = "sha256:51c3f95abd9331dc5b87c47ac7f376db5616041173826dfd556cfe3d4977f492", size = 11602992 },
    { url = "https://files.pythonhosted.org/packages/7c/91/263e33ab93ab09ca06ce4f8f8547a858cc198072f873ebc9be7466790bae/ruff-0.11.13-py3-none-win32.whl", hash = "sha256:96c27935418e4e8e77a26bb05962817f28b8ef3843a6c6cc49d8783b5507f250", size = 10474944 },
    { url = "https://files.pythonhosted.org/packages/46/f4/7c27734ac2073aae8efb0119cae6931b6fb48017adf048fdf85c19337afc/ruff-0.11.13-py3-none-win_amd64.whl", hash = "sha256:29c3189895a8a6a657b7af4e97d330c8a3afd2c9c8f46c81e2fc5a31866517e3", size = 11548669 },
    { url = "https://files.pythonhosted.org/packages/ec/bf/b273dd11673fed8a6bd46032c0ea2a04b2ac9bfa9c628756a5856ba113b0/ruff-0.11.13-py3-none-win_arm64.whl", hash = "sha256:b4385285e9179d608ff1d2fb9922062663c658605819a6876d8beef0c30b7f3b", size = 10683928 },
]

[[package]]
name = "tomli"
version = "2.2.1"
source = { registry = "https://pypi.org/simple" }
sdist = { url = "https://files.pythonhosted.org/packages/18/87/302344fed471e44a87289cf4967697d07e532f2421fdaf868a303cbae4ff/tomli-2.2.1.tar.gz", hash = "sha256:cd45e1dc79c835ce60f7404ec8119f2eb06d38b1deba146f07ced3bbc44505ff", size = 17175 }
wheels = [
    { url = "https://files.pythonhosted.org/packages/43/ca/75707e6efa2b37c77dadb324ae7d9571cb424e61ea73fad7c56c2d14527f/tomli-2.2.1-cp311-cp311-macosx_10_9_x86_64.whl", hash = "sha256:678e4fa69e4575eb77d103de3df8a895e1591b48e740211bd1067378c69e8249", size = 131077 },
    { url = "https://files.pythonhosted.org/packages/c7/16/51ae563a8615d472fdbffc43a3f3d46588c264ac4f024f63f01283becfbb/tomli-2.2.1-cp311-cp311-macosx_11_0_arm64.whl", hash = "sha256:023aa114dd824ade0100497eb2318602af309e5a55595f76b626d6d9f3b7b0a6", size = 123429 },
    { url = "https://files.pythonhosted.org/packages/f1/dd/4f6cd1e7b160041db83c694abc78e100473c15d54620083dbd5aae7b990e/tomli-2.2.1-cp311-cp311-manylinux_2_17_aarch64.manylinux2014_aarch64.whl", hash = "sha256:ece47d672db52ac607a3d9599a9d48dcb2f2f735c6c2d1f34130085bb12b112a", size = 226067 },
    { url = "https://files.pythonhosted.org/packages/a9/6b/c54ede5dc70d648cc6361eaf429304b02f2871a345bbdd51e993d6cdf550/tomli-2.2.1-cp311-cp311-manylinux_2_17_x86_64.manylinux2014_x86_64.whl", hash = "sha256:6972ca9c9cc9f0acaa56a8ca1ff51e7af152a9f87fb64623e31d5c83700080ee", size = 236030 },
    { url = "https://files.pythonhosted.org/packages/1f/47/999514fa49cfaf7a92c805a86c3c43f4215621855d151b61c602abb38091/tomli-2.2.1-cp311-cp311-manylinux_2_5_i686.manylinux1_i686.manylinux_2_17_i686.manylinux2014_i686.whl", hash = "sha256:c954d2250168d28797dd4e3ac5cf812a406cd5a92674ee4c8f123c889786aa8e", size = 240898 },
    { url = "https://files.pythonhosted.org/packages/73/41/0a01279a7ae09ee1573b423318e7934674ce06eb33f50936655071d81a24/tomli-2.2.1-cp311-cp311-musllinux_1_2_aarch64.whl", hash = "sha256:8dd28b3e155b80f4d54beb40a441d366adcfe740969820caf156c019fb5c7ec4", size = 229894 },
    { url = "https://files.pythonhosted.org/packages/55/18/5d8bc5b0a0362311ce4d18830a5d28943667599a60d20118074ea1b01bb7/tomli-2.2.1-cp311-cp311-musllinux_1_2_i686.whl", hash = "sha256:e59e304978767a54663af13c07b3d1af22ddee3bb2fb0618ca1593e4f593a106", size = 245319 },
    { url = "https://files.pythonhosted.org/packages/92/a3/7ade0576d17f3cdf5ff44d61390d4b3febb8a9fc2b480c75c47ea048c646/tomli-2.2.1-cp311-cp311-musllinux_1_2_x86_64.whl", hash = "sha256:33580bccab0338d00994d7f16f4c4ec25b776af3ffaac1ed74e0b3fc95e885a8", size = 238273 },
    { url = "https://files.pythonhosted.org/packages/72/6f/fa64ef058ac1446a1e51110c375339b3ec6be245af9d14c87c4a6412dd32/tomli-2.2.1-cp311-cp311-win32.whl", hash = "sha256:465af0e0875402f1d226519c9904f37254b3045fc5084697cefb9bdde1ff99ff", size = 98310 },
    { url = "https://files.pythonhosted.org/packages/6a/1c/4a2dcde4a51b81be3530565e92eda625d94dafb46dbeb15069df4caffc34/tomli-2.2.1-cp311-cp311-win_amd64.whl", hash = "sha256:2d0f2fdd22b02c6d81637a3c95f8cd77f995846af7414c5c4b8d0545afa1bc4b", size = 108309 },
    { url = "https://files.pythonhosted.org/packages/52/e1/f8af4c2fcde17500422858155aeb0d7e93477a0d59a98e56cbfe75070fd0/tomli-2.2.1-cp312-cp312-macosx_10_13_x86_64.whl", hash = "sha256:4a8f6e44de52d5e6c657c9fe83b562f5f4256d8ebbfe4ff922c495620a7f6cea", size = 132762 },
    { url = "https://files.pythonhosted.org/packages/03/b8/152c68bb84fc00396b83e7bbddd5ec0bd3dd409db4195e2a9b3e398ad2e3/tomli-2.2.1-cp312-cp312-macosx_11_0_arm64.whl", hash = "sha256:8d57ca8095a641b8237d5b079147646153d22552f1c637fd3ba7f4b0b29167a8", size = 123453 },
    { url = "https://files.pythonhosted.org/packages/c8/d6/fc9267af9166f79ac528ff7e8c55c8181ded34eb4b0e93daa767b8841573/tomli-2.2.1-cp312-cp312-manylinux_2_17_aarch64.manylinux2014_aarch64.whl", hash = "sha256:4e340144ad7ae1533cb897d406382b4b6fede8890a03738ff1683af800d54192", size = 233486 },
    { url = "https://files.pythonhosted.org/packages/5c/51/51c3f2884d7bab89af25f678447ea7d297b53b5a3b5730a7cb2ef6069f07/tomli-2.2.1-cp312-cp312-manylinux_2_17_x86_64.manylinux2014_x86_64.whl", hash = "sha256:db2b95f9de79181805df90bedc5a5ab4c165e6ec3fe99f970d0e302f384ad222", size = 242349 },
    { url = "https://files.pythonhosted.org/packages/ab/df/bfa89627d13a5cc22402e441e8a931ef2108403db390ff3345c05253935e/tomli-2.2.1-cp312-cp312-manylinux_2_5_i686.manylinux1_i686.manylinux_2_17_i686.manylinux2014_i686.whl", hash = "sha256:40741994320b232529c802f8bc86da4e1aa9f413db394617b9a256ae0f9a7f77", size = 252159 },
    { url = "https://files.pythonhosted.org/packages/9e/6e/fa2b916dced65763a5168c6ccb91066f7639bdc88b48adda990db10c8c0b/tomli-2.2.1-cp312-cp312-musllinux_1_2_aarch64.whl", hash = "sha256:400e720fe168c0f8521520190686ef8ef033fb19fc493da09779e592861b78c6", size = 237243 },
    { url = "https://files.pythonhosted.org/packages/b4/04/885d3b1f650e1153cbb93a6a9782c58a972b94ea4483ae4ac5cedd5e4a09/tomli-2.2.1-cp312-cp312-musllinux_1_2_i686.whl", hash = "sha256:02abe224de6ae62c19f090f68da4e27b10af2b93213d36cf44e6e1c5abd19fdd", size = 259645 },
    { url = "https://files.pythonhosted.org/packages/9c/de/6b432d66e986e501586da298e28ebeefd3edc2c780f3ad73d22566034239/tomli-2.2.1-cp312-cp312-musllinux_1_2_x86_64.whl", hash = "sha256:b82ebccc8c8a36f2094e969560a1b836758481f3dc360ce9a3277c65f374285e", size = 244584 },
    { url = "https://files.pythonhosted.org/packages/1c/9a/47c0449b98e6e7d1be6cbac02f93dd79003234ddc4aaab6ba07a9a7482e2/tomli-2.2.1-cp312-cp312-win32.whl", hash = "sha256:889f80ef92701b9dbb224e49ec87c645ce5df3fa2cc548664eb8a25e03127a98", size = 98875 },
    { url = "https://files.pythonhosted.org/packages/ef/60/9b9638f081c6f1261e2688bd487625cd1e660d0a85bd469e91d8db969734/tomli-2.2.1-cp312-cp312-win_amd64.whl", hash = "sha256:7fc04e92e1d624a4a63c76474610238576942d6b8950a2d7f908a340494e67e4", size = 109418 },
    { url = "https://files.pythonhosted.org/packages/04/90/2ee5f2e0362cb8a0b6499dc44f4d7d48f8fff06d28ba46e6f1eaa61a1388/tomli-2.2.1-cp313-cp313-macosx_10_13_x86_64.whl", hash = "sha256:f4039b9cbc3048b2416cc57ab3bda989a6fcf9b36cf8937f01a6e731b64f80d7", size = 132708 },
    { url = "https://files.pythonhosted.org/packages/c0/ec/46b4108816de6b385141f082ba99e315501ccd0a2ea23db4a100dd3990ea/tomli-2.2.1-cp313-cp313-macosx_11_0_arm64.whl", hash = "sha256:286f0ca2ffeeb5b9bd4fcc8d6c330534323ec51b2f52da063b11c502da16f30c", size = 123582 },
    { url = "https://files.pythonhosted.org/packages/a0/bd/b470466d0137b37b68d24556c38a0cc819e8febe392d5b199dcd7f578365/tomli-2.2.1-cp313-cp313-manylinux_2_17_aarch64.manylinux2014_aarch64.whl", hash = "sha256:a92ef1a44547e894e2a17d24e7557a5e85a9e1d0048b0b5e7541f76c5032cb13", size = 232543 },
    { url = "https://files.pythonhosted.org/packages/d9/e5/82e80ff3b751373f7cead2815bcbe2d51c895b3c990686741a8e56ec42ab/tomli-2.2.1-cp313-cp313-manylinux_2_17_x86_64.manylinux2014_x86_64.whl", hash = "sha256:9316dc65bed1684c9a98ee68759ceaed29d229e985297003e494aa825ebb0281", size = 241691 },
    { url = "https://files.pythonhosted.org/packages/05/7e/2a110bc2713557d6a1bfb06af23dd01e7dde52b6ee7dadc589868f9abfac/tomli-2.2.1-cp313-cp313-manylinux_2_5_i686.manylinux1_i686.manylinux_2_17_i686.manylinux2014_i686.whl", hash = "sha256:e85e99945e688e32d5a35c1ff38ed0b3f41f43fad8df0bdf79f72b2ba7bc5272", size = 251170 },
    { url = "https://files.pythonhosted.org/packages/64/7b/22d713946efe00e0adbcdfd6d1aa119ae03fd0b60ebed51ebb3fa9f5a2e5/tomli-2.2.1-cp313-cp313-musllinux_1_2_aarch64.whl", hash = "sha256:ac065718db92ca818f8d6141b5f66369833d4a80a9d74435a268c52bdfa73140", size = 236530 },
    { url = "https://files.pythonhosted.org/packages/38/31/3a76f67da4b0cf37b742ca76beaf819dca0ebef26d78fc794a576e08accf/tomli-2.2.1-cp313-cp313-musllinux_1_2_i686.whl", hash = "sha256:d920f33822747519673ee656a4b6ac33e382eca9d331c87770faa3eef562aeb2", size = 258666 },
    { url = "https://files.pythonhosted.org/packages/07/10/5af1293da642aded87e8a988753945d0cf7e00a9452d3911dd3bb354c9e2/tomli-2.2.1-cp313-cp313-musllinux_1_2_x86_64.whl", hash = "sha256:a198f10c4d1b1375d7687bc25294306e551bf1abfa4eace6650070a5c1ae2744", size = 243954 },
    { url = "https://files.pythonhosted.org/packages/5b/b9/1ed31d167be802da0fc95020d04cd27b7d7065cc6fbefdd2f9186f60d7bd/tomli-2.2.1-cp313-cp313-win32.whl", hash = "sha256:d3f5614314d758649ab2ab3a62d4f2004c825922f9e370b29416484086b264ec", size = 98724 },
    { url = "https://files.pythonhosted.org/packages/c7/32/b0963458706accd9afcfeb867c0f9175a741bf7b19cd424230714d722198/tomli-2.2.1-cp313-cp313-win_amd64.whl", hash = "sha256:a38aa0308e754b0e3c67e344754dff64999ff9b513e691d0e786265c93583c69", size = 109383 },
    { url = "https://files.pythonhosted.org/packages/6e/c2/61d3e0f47e2b74ef40a68b9e6ad5984f6241a942f7cd3bbfbdbd03861ea9/tomli-2.2.1-py3-none-any.whl", hash = "sha256:cb55c73c5f4408779d0cf3eef9f762b9c9f147a77de7b258bef0a5628adc85cc", size = 14257 },
]

[[package]]
name = "typing-extensions"
version = "4.14.0"
source = { registry = "https://pypi.org/simple" }
sdist = { url = "https://files.pythonhosted.org/packages/d1/bc/51647cd02527e87d05cb083ccc402f93e441606ff1f01739a62c8ad09ba5/typing_extensions-4.14.0.tar.gz", hash = "sha256:8676b788e32f02ab42d9e7c61324048ae4c6d844a399eebace3d4979d75ceef4", size = 107423 }
wheels = [
    { url = "https://files.pythonhosted.org/packages/69/e0/552843e0d356fbb5256d21449fa957fa4eff3bbc135a74a691ee70c7c5da/typing_extensions-4.14.0-py3-none-any.whl", hash = "sha256:a1514509136dd0b477638fc68d6a91497af5076466ad0fa6c338e44e359944af", size = 43839 },
]
